# Generated by pub
# See https://dart.dev/tools/pub/glossary#lockfile
packages:
  characters:
    dependency: "direct main"
    description:
      name: characters
      sha256: f71061c654a3380576a52b451dd5532377954cf9dbd272a78fc8479606670803
      url: "https://pub.dev"
    source: hosted
    version: "1.4.0"
  collection:
    dependency: "direct main"
    description:
      name: collection
      sha256: "2f5709ae4d3d59dd8f7cd309b4e023046b57d8a6c82130785d2b0e5868084e76"
      url: "https://pub.dev"
    source: hosted
    version: "1.19.1"
  cupertino_icons:
    dependency: "direct main"
    description:
      name: cupertino_icons
      sha256: ba631d1c7f7bef6b729a622b7b752645a2d076dba9976925b8f25725a30e1ee6
      url: "https://pub.dev"
    source: hosted
    version: "1.0.8"
  fixnum:
    dependency: "direct main"
    description:
      name: fixnum
      sha256: b6dc7065e46c974bc7c5f143080a6764ec7a4be6da1285ececdc37be96de53be
      url: "https://pub.dev"
    source: hosted
    version: "1.1.1"
  flutter:
    dependency: "direct main"
    description: flutter
    source: sdk
    version: "0.0.0"
  flutter_reactive_ble:
    dependency: "direct main"
    description:
      name: flutter_reactive_ble
      sha256: "3ca8430bc7a6cabe5529aab4afaa2e3cb285941f7f7ab7472604074e347c1302"
      url: "https://pub.dev"
    source: hosted
    version: "5.4.0"
  flutter_web_plugins:
    dependency: transitive
    description: flutter
    source: sdk
    version: "0.0.0"
  functional_data:
    dependency: "direct main"
    description:
      name: functional_data
      sha256: "76d17dc707c40e552014f5a49c0afcc3f1e3f05e800cd6b7872940bfe41a5039"
      url: "https://pub.dev"
    source: hosted
    version: "1.2.0"
  material_color_utilities:
    dependency: "direct main"
    description:
      name: material_color_utilities
      sha256: f7142bb1154231d7ea5f96bc7bde4bda2a0945d2806bb11670e30b850d56bdec
      url: "https://pub.dev"
    source: hosted
    version: "0.11.1"
  meta:
    dependency: "direct main"
    description:
      name: meta
      sha256: e3641ec5d63ebf0d9b41bd43201a66e3fc79a65db5f61fc181f04cd27aab950c
      url: "https://pub.dev"
    source: hosted
    version: "1.16.0"
  permission_handler:
    dependency: "direct main"
    description:
      name: permission_handler
      sha256: bc917da36261b00137bbc8896bf1482169cd76f866282368948f032c8c1caae1
      url: "https://pub.dev"
    source: hosted
    version: "12.0.1"
  permission_handler_android:
    dependency: transitive
    description:
      name: permission_handler_android
      sha256: "1e3bc410ca1bf84662104b100eb126e066cb55791b7451307f9708d4007350e6"
      url: "https://pub.dev"
    source: hosted
    version: "13.0.1"
  permission_handler_apple:
    dependency: transitive
    description:
      name: permission_handler_apple
      sha256: f000131e755c54cf4d84a5d8bd6e4149e262cc31c5a8b1d698de1ac85fa41023
      url: "https://pub.dev"
    source: hosted
    version: "9.4.7"
  permission_handler_html:
    dependency: transitive
    description:
      name: permission_handler_html
      sha256: "38f000e83355abb3392140f6bc3030660cfaef189e1f87824facb76300b4ff24"
      url: "https://pub.dev"
    source: hosted
    version: "0.1.3+5"
  permission_handler_platform_interface:
    dependency: transitive
    description:
      name: permission_handler_platform_interface
      sha256: eb99b295153abce5d683cac8c02e22faab63e50679b937fa1bf67d58bb282878
      url: "https://pub.dev"
    source: hosted
    version: "4.3.0"
  permission_handler_windows:
    dependency: transitive
    description:
      name: permission_handler_windows
      sha256: "1a790728016f79a41216d88672dbc5df30e686e811ad4e698bfc51f76ad91f1e"
      url: "https://pub.dev"
    source: hosted
    version: "0.2.1"
  plugin_platform_interface:
    dependency: transitive
    description:
      name: plugin_platform_interface
      sha256: "4820fbfdb9478b1ebae27888254d445073732dae3d6ea81f0b7e06d5dedc3f02"
      url: "https://pub.dev"
    source: hosted
    version: "2.1.8"
  protobuf:
    dependency: "direct main"
    description:
      name: protobuf
      sha256: "01dd9bd0fa02548bf2ceee13545d4a0ec6046459d847b6b061d8a27237108a08"
      url: "https://pub.dev"
    source: hosted
    version: "2.1.0"
  reactive_ble_mobile:
    dependency: transitive
    description:
      name: reactive_ble_mobile
      sha256: "78af92cfb184770a277a8bdaa76b396a28dbada8931f3d8d0ff552414681f5db"
      url: "https://pub.dev"
    source: hosted
    version: "5.4.0"
  reactive_ble_platform_interface:
    dependency: transitive
    description:
      name: reactive_ble_platform_interface
      sha256: d0e6f86c7ee3865b74d8a7b6deb1fb8320b24176dfd9a3e475f84b7117eb42c7
      url: "https://pub.dev"
    source: hosted
    version: "5.4.0"
  sky_engine:
    dependency: transitive
    description: flutter
    source: sdk
    version: "0.0.0"
  vector_math:
    dependency: "direct main"
    description:
      name: vector_math
      sha256: "80b3257d1492ce4d091729e3a67a60407d227c27241d6927be0130c98e741803"
      url: "https://pub.dev"
    source: hosted
    version: "2.1.4"
  web:
    dependency: transitive
    description:
      name: web
      sha256: "868d88a33d8a87b18ffc05f9f030ba328ffefba92d6c127917a2ba740f9cfe4a"
      url: "https://pub.dev"
    source: hosted
    version: "1.1.1"
sdks:
  dart: ">=3.7.0-0 <4.0.0"
  flutter: ">=3.24.0"
